Microsoft Visual Studio Solution File, Format Version 12.00
# Visual Studio Version 17
VisualStudioVersion = 17.5.2.0
MinimumVisualStudioVersion = 10.0.40219.1
Project("{FAE04EC0-301F-11D3-BF4B-00C04F79EFBC}") = "TFT_OOP", "TFT_OOP.csproj", "{3FBCE43A-2847-2648-A90C-87ED1754B677}"
EndProject
Global
	GlobalSection(SolutionConfigurationPlatforms) = preSolution
		Debug|Any CPU = Debug|Any CPU
		Release|Any CPU = Release|Any CPU
	EndGlobalSection
	GlobalSection(ProjectConfigurationPlatforms) = postSolution
		{3FBCE43A-2847-2648-A90C-87ED1754B677}.Debug|Any CPU.ActiveCfg = Debug|Any CPU
		{3FBCE43A-2847-2648-A90C-87ED1754B677}.Debug|Any CPU.Build.0 = Debug|Any CPU
		{3FBCE43A-2847-2648-A90C-87ED1754B677}.Release|Any CPU.ActiveCfg = Release|Any CPU
		{3FBCE43A-2847-2648-A90C-87ED1754B677}.Release|Any CPU.Build.0 = Release|Any CPU
	EndGlobalSection
	GlobalSection(SolutionProperties) = preSolution
		HideSolutionNode = FALSE
	EndGlobalSection
	GlobalSection(ExtensibilityGlobals) = postSolution
		SolutionGuid = {C5BCBEDF-3EEB-46E2-8E71-CD469DFC0346}
	EndGlobalSection
EndGlobal
